// !$*UTF8*$!
{
	archiveVersion = 1;
	classes = {
	};
	objectVersion = 50;
	objects = {

/* Begin PBXBuildFile section */
		905766F526EA64FC00C8A341 /* AppDelegate.swift in Sources */ = {isa = PBXBuildFile; fileRef = 905766F426EA64FC00C8A341 /* AppDelegate.swift */; };
		905766F726EA64FC00C8A341 /* SceneDelegate.swift in Sources */ = {isa = PBXBuildFile; fileRef = 905766F626EA64FC00C8A341 /* SceneDelegate.swift */; };
		905766F926EA64FC00C8A341 /* ViewController.swift in Sources */ = {isa = PBXBuildFile; fileRef = 905766F826EA64FC00C8A341 /* ViewController.swift */; };
		905766FC26EA64FC00C8A341 /* Main.storyboard in Resources */ = {isa = PBXBuildFile; fileRef = 905766FA26EA64FC00C8A341 /* Main.storyboard */; };
		905766FE26EA64FF00C8A341 /* Assets.xcassets in Resources */ = {isa = PBXBuildFile; fileRef = 905766FD26EA64FF00C8A341 /* Assets.xcassets */; };
		9057670126EA64FF00C8A341 /* LaunchScreen.storyboard in Resources */ = {isa = PBXBuildFile; fileRef = 905766FF26EA64FF00C8A341 /* LaunchScreen.storyboard */; };
		9057670C26EA64FF00C8A341 /* NewArrayTests.swift in Sources */ = {isa = PBXBuildFile; fileRef = 9057670B26EA64FF00C8A341 /* NewArrayTests.swift */; };
		9057671726EA64FF00C8A341 /* NewArrayUITests.swift in Sources */ = {isa = PBXBuildFile; fileRef = 9057671626EA64FF00C8A341 /* NewArrayUITests.swift */; };
/* End PBXBuildFile section */

/* Begin PBXContainerItemProxy section */
		9057670826EA64FF00C8A341 /* PBXContainerItemProxy */ = {
			isa = PBXContainerItemProxy;
			containerPortal = 905766E926EA64FC00C8A341 /* Project object */;
			proxyType = 1;
			remoteGlobalIDString = 905766F026EA64FC00C8A341;
			remoteInfo = NewArray;
		};
		9057671326EA64FF00C8A341 /* PBXContainerItemProxy */ = {
			isa = PBXContainerItemProxy;
			containerPortal = 905766E926EA64FC00C8A341 /* Project object */;
			proxyType = 1;
			remoteGlobalIDString = 905766F026EA64FC00C8A341;
			remoteInfo = NewArray;
		};
/* End PBXContainerItemProxy section */

/* Begin PBXFileReference section */
		905766F126EA64FC00C8A341 /* NewArray.app */ = {isa = PBXFileReference; explicitFileType = wrapper.application; includeInIndex = 0; path = NewArray.app; sourceTree = BUILT_PRODUCTS_DIR; };
		905766F426EA64FC00C8A341 /* AppDelegate.swift */ = {isa = PBXFileReference; lastKnownFileType = sourcecode.swift; path = AppDelegate.swift; sourceTree = "<group>"; };
		905766F626EA64FC00C8A341 /* SceneDelegate.swift */ = {isa = PBXFileReference; lastKnownFileType = sourcecode.swift; path = SceneDelegate.swift; sourceTree = "<group>"; };
		905766F826EA64FC00C8A341 /* ViewController.swift */ = {isa = PBXFileReference; lastKnownFileType = sourcecode.swift; path = ViewController.swift; sourceTree = "<group>"; };
		905766FB26EA64FC00C8A341 /* Base */ = {isa = PBXFileReference; lastKnownFileType = file.storyboard; name = Base; path = Base.lproj/Main.storyboard; sourceTree = "<group>"; };
		905766FD26EA64FF00C8A341 /* Assets.xcassets */ = {isa = PBXFileReference; lastKnownFileType = folder.assetcatalog; path = Assets.xcassets; sourceTree = "<group>"; };
		9057670026EA64FF00C8A341 /* Base */ = {isa = PBXFileReference; lastKnownFileType = file.storyboard; name = Base; path = Base.lproj/LaunchScreen.storyboard; sourceTree = "<group>"; };
		9057670226EA64FF00C8A341 /* Info.plist */ = {isa = PBXFileReference; lastKnownFileType = text.plist.xml; path = Info.plist; sourceTree = "<group>"; };
		9057670726EA64FF00C8A341 /* NewArrayTests.xctest */ = {isa = PBXFileReference; explicitFileType = wrapper.cfbundle; includeInIndex = 0; path = NewArrayTests.xctest; sourceTree = BUILT_PRODUCTS_DIR; };
		9057670B26EA64FF00C8A341 /* NewArrayTests.swift */ = {isa = PBXFileReference; lastKnownFileType = sourcecode.swift; path = NewArrayTests.swift; sourceTree = "<group>"; };
		9057670D26EA64FF00C8A341 /* Info.plist */ = {isa = PBXFileReference; lastKnownFileType = text.plist.xml; path = Info.plist; sourceTree = "<group>"; };
		9057671226EA64FF00C8A341 /* NewArrayUITests.xctest */ = {isa = PBXFileReference; explicitFileType = wrapper.cfbundle; includeInIndex = 0; path = NewArrayUITests.xctest; sourceTree = BUILT_PRODUCTS_DIR; };
		9057671626EA64FF00C8A341 /* NewArrayUITests.swift */ = {isa = PBXFileReference; lastKnownFileType = sourcecode.swift; path = NewArrayUITests.swift; sourceTree = "<group>"; };
		9057671826EA64FF00C8A341 /* Info.plist */ = {isa = PBXFileReference; lastKnownFileType = text.plist.xml; path = Info.plist; sourceTree = "<group>"; };
/* End PBXFileReference section */

/* Begin PBXFrameworksBuildPhase section */
		905766EE26EA64FC00C8A341 /* Frameworks */ = {
			isa = PBXFrameworksBuildPhase;
			buildActionMask = 2147483647;
			files = (
			);
			runOnlyForDeploymentPostprocessing = 0;
		};
		9057670426EA64FF00C8A341 /* Frameworks */ = {
			isa = PBXFrameworksBuildPhase;
			buildActionMask = 2147483647;
			files = (
			);
			runOnlyForDeploymentPostprocessing = 0;
		};
		9057670F26EA64FF00C8A341 /* Frameworks */ = {
			isa = PBXFrameworksBuildPhase;
			buildActionMask = 2147483647;
			files = (
			);
			runOnlyForDeploymentPostprocessing = 0;
		};
/* End PBXFrameworksBuildPhase section */

/* Begin PBXGroup section */
		905766E826EA64FC00C8A341 = {
			isa = PBXGroup;
			children = (
				905766F326EA64FC00C8A341 /* NewArray */,
				9057670A26EA64FF00C8A341 /* NewArrayTests */,
				9057671526EA64FF00C8A341 /* NewArrayUITests */,
				905766F226EA64FC00C8A341 /* Products */,
			);
			sourceTree = "<group>";
		};
		905766F226EA64FC00C8A341 /* Products */ = {
			isa = PBXGroup;
			children = (
				905766F126EA64FC00C8A341 /* NewArray.app */,
				9057670726EA64FF00C8A341 /* NewArrayTests.xctest */,
				9057671226EA64FF00C8A341 /* NewArrayUITests.xctest */,
			);
			name = Products;
			sourceTree = "<group>";
		};
		905766F326EA64FC00C8A341 /* NewArray */ = {
			isa = PBXGroup;
			children = (
				905766F426EA64FC00C8A341 /* AppDelegate.swift */,
				905766F626EA64FC00C8A341 /* SceneDelegate.swift */,
				905766F826EA64FC00C8A341 /* ViewController.swift */,
				905766FA26EA64FC00C8A341 /* Main.storyboard */,
				905766FD26EA64FF00C8A341 /* Assets.xcassets */,
				905766FF26EA64FF00C8A341 /* LaunchScreen.storyboard */,
				9057670226EA64FF00C8A341 /* Info.plist */,
			);
			path = NewArray;
			sourceTree = "<group>";
		};
		9057670A26EA64FF00C8A341 /* NewArrayTests */ = {
			isa = PBXGroup;
			children = (
				9057670B26EA64FF00C8A341 /* NewArrayTests.swift */,
				9057670D26EA64FF00C8A341 /* Info.plist */,
			);
			path = NewArrayTests;
			sourceTree = "<group>";
		};
		9057671526EA64FF00C8A341 /* NewArrayUITests */ = {
			isa = PBXGroup;
			children = (
				9057671626EA64FF00C8A341 /* NewArrayUITests.swift */,
				9057671826EA64FF00C8A341 /* Info.plist */,
			);
			path = NewArrayUITests;
			sourceTree = "<group>";
		};
/* End PBXGroup section */

/* Begin PBXNativeTarget section */
		905766F026EA64FC00C8A341 /* NewArray */ = {
			isa = PBXNativeTarget;
			buildConfigurationList = 9057671B26EA64FF00C8A341 /* Build configuration list for PBXNativeTarget "NewArray" */;
			buildPhases = (
				905766ED26EA64FC00C8A341 /* Sources */,
				905766EE26EA64FC00C8A341 /* Frameworks */,
				905766EF26EA64FC00C8A341 /* Resources */,
			);
			buildRules = (
			);
			dependencies = (
			);
			name = NewArray;
			productName = NewArray;
			productReference = 905766F126EA64FC00C8A341 /* NewArray.app */;
			productType = "com.apple.product-type.application";
		};
		9057670626EA64FF00C8A341 /* NewArrayTests */ = {
			isa = PBXNativeTarget;
			buildConfigurationList = 9057671E26EA64FF00C8A341 /* Build configuration list for PBXNativeTarget "NewArrayTests" */;
			buildPhases = (
				9057670326EA64FF00C8A341 /* Sources */,
				9057670426EA64FF00C8A341 /* Frameworks */,
				9057670526EA64FF00C8A341 /* Resources */,
			);
			buildRules = (
			);
			dependencies = (
				9057670926EA64FF00C8A341 /* PBXTargetDependency */,
			);
			name = NewArrayTests;
			productName = NewArrayTests;
			productReference = 9057670726EA64FF00C8A341 /* NewArrayTests.xctest */;
			productType = "com.apple.product-type.bundle.unit-test";
		};
		9057671126EA64FF00C8A341 /* NewArrayUITests */ = {
			isa = PBXNativeTarget;
			buildConfigurationList = 9057672126EA64FF00C8A341 /* Build configuration list for PBXNativeTarget "NewArrayUITests" */;
			buildPhases = (
				9057670E26EA64FF00C8A341 /* Sources */,
				9057670F26EA64FF00C8A341 /* Frameworks */,
				9057671026EA64FF00C8A341 /* Resources */,
			);
			buildRules = (
			);
			dependencies = (
				9057671426EA64FF00C8A341 /* PBXTargetDependency */,
			);
			name = NewArrayUITests;
			productName = NewArrayUITests;
			productReference = 9057671226EA64FF00C8A341 /* NewArrayUITests.xctest */;
			productType = "com.apple.product-type.bundle.ui-testing";
		};
/* End PBXNativeTarget section */

/* Begin PBXProject section */
		905766E926EA64FC00C8A341 /* Project object */ = {
			isa = PBXProject;
			attributes = {
				LastSwiftUpdateCheck = 1250;
				LastUpgradeCheck = 1250;
				TargetAttributes = {
					905766F026EA64FC00C8A341 = {
						CreatedOnToolsVersion = 12.5;
					};
					9057670626EA64FF00C8A341 = {
						CreatedOnToolsVersion = 12.5;
						TestTargetID = 905766F026EA64FC00C8A341;
					};
					9057671126EA64FF00C8A341 = {
						CreatedOnToolsVersion = 12.5;
						TestTargetID = 905766F026EA64FC00C8A341;
					};
				};
			};
			buildConfigurationList = 905766EC26EA64FC00C8A341 /* Build configuration list for PBXProject "NewArray" */;
			compatibilityVersion = "Xcode 9.3";
			developmentRegion = en;
			hasScannedForEncodings = 0;
			knownRegions = (
				en,
				Base,
			);
			mainGroup = 905766E826EA64FC00C8A341;
			productRefGroup = 905766F226EA64FC00C8A341 /* Products */;
			projectDirPath = "";
			projectRoot = "";
			targets = (
				905766F026EA64FC00C8A341 /* NewArray */,
				9057670626EA64FF00C8A341 /* NewArrayTests */,
				9057671126EA64FF00C8A341 /* NewArrayUITests */,
			);
		};
/* End PBXProject section */

/* Begin PBXResourcesBuildPhase section */
		905766EF26EA64FC00C8A341 /* Resources */ = {
			isa = PBXResourcesBuildPhase;
			buildActionMask = 2147483647;
			files = (
				9057670126EA64FF00C8A341 /* LaunchScreen.storyboard in Resources */,
				905766FE26EA64FF00C8A341 /* Assets.xcassets in Resources */,
				905766FC26EA64FC00C8A341 /* Main.storyboard in Resources */,
			);
			runOnlyForDeploymentPostprocessing = 0;
		};
		9057670526EA64FF00C8A341 /* Resources */ = {
			isa = PBXResourcesBuildPhase;
			buildActionMask = 2147483647;
			files = (
			);
			runOnlyForDeploymentPostprocessing = 0;
		};
		9057671026EA64FF00C8A341 /* Resources */ = {
			isa = PBXResourcesBuildPhase;
			buildActionMask = 2147483647;
			files = (
			);
			runOnlyForDeploymentPostprocessing = 0;
		};
/* End PBXResourcesBuildPhase section */

/* Begin PBXSourcesBuildPhase section */
		905766ED26EA64FC00C8A341 /* Sources */ = {
			isa = PBXSourcesBuildPhase;
			buildActionMask = 2147483647;
			files = (
				905766F926EA64FC00C8A341 /* ViewController.swift in Sources */,
				905766F526EA64FC00C8A341 /* AppDelegate.swift in Sources */,
				905766F726EA64FC00C8A341 /* SceneDelegate.swift in Sources */,
			);
			runOnlyForDeploymentPostprocessing = 0;
		};
		9057670326EA64FF00C8A341 /* Sources */ = {
			isa = PBXSourcesBuildPhase;
			buildActionMask = 2147483647;
			files = (
				9057670C26EA64FF00C8A341 /* NewArrayTests.swift in Sources */,
			);
			runOnlyForDeploymentPostprocessing = 0;
		};
		9057670E26EA64FF00C8A341 /* Sources */ = {
			isa = PBXSourcesBuildPhase;
			buildActionMask = 2147483647;
			files = (
				9057671726EA64FF00C8A341 /* NewArrayUITests.swift in Sources */,
			);
			runOnlyForDeploymentPostprocessing = 0;
		};
/* End PBXSourcesBuildPhase section */

/* Begin PBXTargetDependency section */
		9057670926EA64FF00C8A341 /* PBXTargetDependency */ = {
			isa = PBXTargetDependency;
			target = 905766F026EA64FC00C8A341 /* NewArray */;
			targetProxy = 9057670826EA64FF00C8A341 /* PBXContainerItemProxy */;
		};
		9057671426EA64FF00C8A341 /* PBXTargetDependency */ = {
			isa = PBXTargetDependency;
			target = 905766F026EA64FC00C8A341 /* NewArray */;
			targetProxy = 9057671326EA64FF00C8A341 /* PBXContainerItemProxy */;
		};
/* End PBXTargetDependency section */

/* Begin PBXVariantGroup section */
		905766FA26EA64FC00C8A341 /* Main.storyboard */ = {
			isa = PBXVariantGroup;
			children = (
				905766FB26EA64FC00C8A341 /* Base */,
			);
			name = Main.storyboard;
			sourceTree = "<group>";
		};
		905766FF26EA64FF00C8A341 /* LaunchScreen.storyboard */ = {
			isa = PBXVariantGroup;
			children = (
				9057670026EA64FF00C8A341 /* Base */,
			);
			name = LaunchScreen.storyboard;
			sourceTree = "<group>";
		};
/* End PBXVariantGroup section */

/* Begin XCBuildConfiguration section */
		9057671926EA64FF00C8A341 /* Debug */ = {
			isa = XCBuildConfiguration;
			buildSettings = {
				ALWAYS_SEARCH_USER_PATHS = NO;
				CLANG_ANALYZER_NONNULL = YES;
				CLANG_ANALYZER_NUMBER_OBJECT_CONVERSION = YES_AGGRESSIVE;
				CLANG_CXX_LANGUAGE_STANDARD = "gnu++14";
				CLANG_CXX_LIBRARY = "libc++";
				CLANG_ENABLE_MODULES = YES;
				CLANG_ENABLE_OBJC_ARC = YES;
				CLANG_ENABLE_OBJC_WEAK = YES;
				CLANG_WARN_BLOCK_CAPTURE_AUTORELEASING = YES;
				CLANG_WARN_BOOL_CONVERSION = YES;
				CLANG_WARN_COMMA = YES;
				CLANG_WARN_CONSTANT_CONVERSION = YES;
				CLANG_WARN_DEPRECATED_OBJC_IMPLEMENTATIONS = YES;
				CLANG_WARN_DIRECT_OBJC_ISA_USAGE = YES_ERROR;
				CLANG_WARN_DOCUMENTATION_COMMENTS = YES;
				CLANG_WARN_EMPTY_BODY = YES;
				CLANG_WARN_ENUM_CONVERSION = YES;
				CLANG_WARN_INFINITE_RECURSION = YES;
				CLANG_WARN_INT_CONVERSION = YES;
				CLANG_WARN_NON_LITERAL_NULL_CONVERSION = YES;
				CLANG_WARN_OBJC_IMPLICIT_RETAIN_SELF = YES;
				CLANG_WARN_OBJC_LITERAL_CONVERSION = YES;
				CLANG_WARN_OBJC_ROOT_CLASS = YES_ERROR;
				CLANG_WARN_QUOTED_INCLUDE_IN_FRAMEWORK_HEADER = YES;
				CLANG_WARN_RANGE_LOOP_ANALYSIS = YES;
				CLANG_WARN_STRICT_PROTOTYPES = YES;
				CLANG_WARN_SUSPICIOUS_MOVE = YES;
				CLANG_WARN_UNGUARDED_AVAILABILITY = YES_AGGRESSIVE;
				CLANG_WARN_UNREACHABLE_CODE = YES;
				CLANG_WARN__DUPLICATE_METHOD_MATCH = YES;
				COPY_PHASE_STRIP = NO;
				DEBUG_INFORMATION_FORMAT = dwarf;
				ENABLE_STRICT_OBJC_MSGSEND = YES;
				ENABLE_TESTABILITY = YES;
				GCC_C_LANGUAGE_STANDARD = gnu11;
				GCC_DYNAMIC_NO_PIC = NO;
				GCC_NO_COMMON_BLOCKS = YES;
				GCC_OPTIMIZATION_LEVEL = 0;
				GCC_PREPROCESSOR_DEFINITIONS = (
					"DEBUG=1",
					"$(inherited)",
				);
				GCC_WARN_64_TO_32_BIT_CONVERSION = YES;
				GCC_WARN_ABOUT_RETURN_TYPE = YES_ERROR;
				GCC_WARN_UNDECLARED_SELECTOR = YES;
				GCC_WARN_UNINITIALIZED_AUTOS = YES_AGGRESSIVE;
				GCC_WARN_UNUSED_FUNCTION = YES;
				GCC_WARN_UNUSED_VARIABLE = YES;
				IPHONEOS_DEPLOYMENT_TARGET = 14.5;
				MTL_ENABLE_DEBUG_INFO = INCLUDE_SOURCE;
				MTL_FAST_MATH = YES;
				ONLY_ACTIVE_ARCH = YES;
				SDKROOT = iphoneos;
				SWIFT_ACTIVE_COMPILATION_CONDITIONS = DEBUG;
				SWIFT_OPTIMIZATION_LEVEL = "-Onone";
			};
			name = Debug;
		};
		9057671A26EA64FF00C8A341 /* Release */ = {
			isa = XCBuildConfiguration;
			buildSettings = {
				ALWAYS_SEARCH_USER_PATHS = NO;
				CLANG_ANALYZER_NONNULL = YES;
				CLANG_ANALYZER_NUMBER_OBJECT_CONVERSION = YES_AGGRESSIVE;
				CLANG_CXX_LANGUAGE_STANDARD = "gnu++14";
				CLANG_CXX_LIBRARY = "libc++";
				CLANG_ENABLE_MODULES = YES;
				CLANG_ENABLE_OBJC_ARC = YES;
				CLANG_ENABLE_OBJC_WEAK = YES;
				CLANG_WARN_BLOCK_CAPTURE_AUTORELEASING = YES;
				CLANG_WARN_BOOL_CONVERSION = YES;
				CLANG_WARN_COMMA = YES;
				CLANG_WARN_CONSTANT_CONVERSION = YES;
				CLANG_WARN_DEPRECATED_OBJC_IMPLEMENTATIONS = YES;
				CLANG_WARN_DIRECT_OBJC_ISA_USAGE = YES_ERROR;
				CLANG_WARN_DOCUMENTATION_COMMENTS = YES;
				CLANG_WARN_EMPTY_BODY = YES;
				CLANG_WARN_ENUM_CONVERSION = YES;
				CLANG_WARN_INFINITE_RECURSION = YES;
				CLANG_WARN_INT_CONVERSION = YES;
				CLANG_WARN_NON_LITERAL_NULL_CONVERSION = YES;
				CLANG_WARN_OBJC_IMPLICIT_RETAIN_SELF = YES;
				CLANG_WARN_OBJC_LITERAL_CONVERSION = YES;
				CLANG_WARN_OBJC_ROOT_CLASS = YES_ERROR;
				CLANG_WARN_QUOTED_INCLUDE_IN_FRAMEWORK_HEADER = YES;
				CLANG_WARN_RANGE_LOOP_ANALYSIS = YES;
				CLANG_WARN_STRICT_PROTOTYPES = YES;
				CLANG_WARN_SUSPICIOUS_MOVE = YES;
				CLANG_WARN_UNGUARDED_AVAILABILITY = YES_AGGRESSIVE;
				CLANG_WARN_UNREACHABLE_CODE = YES;
				CLANG_WARN__DUPLICATE_METHOD_MATCH = YES;
				COPY_PHASE_STRIP = NO;
				DEBUG_INFORMATION_FORMAT = "dwarf-with-dsym";
				ENABLE_NS_ASSERTIONS = NO;
				ENABLE_STRICT_OBJC_MSGSEND = YES;
				GCC_C_LANGUAGE_STANDARD = gnu11;
				GCC_NO_COMMON_BLOCKS = YES;
				GCC_WARN_64_TO_32_BIT_CONVERSION = YES;
				GCC_WARN_ABOUT_RETURN_TYPE = YES_ERROR;
				GCC_WARN_UNDECLARED_SELECTOR = YES;
				GCC_WARN_UNINITIALIZED_AUTOS = YES_AGGRESSIVE;
				GCC_WARN_UNUSED_FUNCTION = YES;
				GCC_WARN_UNUSED_VARIABLE = YES;
				IPHONEOS_DEPLOYMENT_TARGET = 14.5;
				MTL_ENABLE_DEBUG_INFO = NO;
				MTL_FAST_MATH = YES;
				SDKROOT = iphoneos;
				SWIFT_COMPILATION_MODE = wholemodule;
				SWIFT_OPTIMIZATION_LEVEL = "-O";
				VALIDATE_PRODUCT = YES;
			};
			name = Release;
		};
		9057671C26EA64FF00C8A341 /* Debug */ = {
			isa = XCBuildConfiguration;
			buildSettings = {
				ASSETCATALOG_COMPILER_APPICON_NAME = AppIcon;
				ASSETCATALOG_COMPILER_GLOBAL_ACCENT_COLOR_NAME = AccentColor;
				CODE_SIGN_STYLE = Automatic;
				DEVELOPMENT_TEAM = 37GL3P72V5;
				INFOPLIST_FILE = NewArray/Info.plist;
				LD_RUNPATH_SEARCH_PATHS = (
					"$(inherited)",
					"@executable_path/Frameworks",
				);
				PRODUCT_BUNDLE_IDENTIFIER = com.demoApp.NewArray;
				PRODUCT_NAME = "$(TARGET_NAME)";
				SWIFT_VERSION = 5.0;
				TARGETED_DEVICE_FAMILY = "1,2";
			};
			name = Debug;
		};
		9057671D26EA64FF00C8A341 /* Release */ = {
			isa = XCBuildConfiguration;
			buildSettings = {
				ASSETCATALOG_COMPILER_APPICON_NAME = AppIcon;
				ASSETCATALOG_COMPILER_GLOBAL_ACCENT_COLOR_NAME = AccentColor;
				CODE_SIGN_STYLE = Automatic;
				DEVELOPMENT_TEAM = 37GL3P72V5;
				INFOPLIST_FILE = NewArray/Info.plist;
				LD_RUNPATH_SEARCH_PATHS = (
					"$(inherited)",
					"@executable_path/Frameworks",
				);
				PRODUCT_BUNDLE_IDENTIFIER = com.demoApp.NewArray;
				PRODUCT_NAME = "$(TARGET_NAME)";
				SWIFT_VERSION = 5.0;
				TARGETED_DEVICE_FAMILY = "1,2";
			};
			name = Release;
		};
		9057671F26EA64FF00C8A341 /* Debug */ = {
			isa = XCBuildConfiguration;
			buildSettings = {
				ALWAYS_EMBED_SWIFT_STANDARD_LIBRARIES = YES;
				BUNDLE_LOADER = "$(TEST_HOST)";
				CODE_SIGN_STYLE = Automatic;
				DEVELOPMENT_TEAM = 37GL3P72V5;
				INFOPLIST_FILE = NewArrayTests/Info.plist;
				IPHONEOS_DEPLOYMENT_TARGET = 14.5;
				LD_RUNPATH_SEARCH_PATHS = (
					"$(inherited)",
					"@executable_path/Frameworks",
					"@loader_path/Frameworks",
				);
				PRODUCT_BUNDLE_IDENTIFIER = com.demoApp.NewArrayTests;
				PRODUCT_NAME = "$(TARGET_NAME)";
				SWIFT_VERSION = 5.0;
				TARGETED_DEVICE_FAMILY = "1,2";
				TEST_HOST = "$(BUILT_PRODUCTS_DIR)/NewArray.app/NewArray";
			};
			name = Debug;
		};
		9057672026EA64FF00C8A341 /* Release */ = {
			isa = XCBuildConfiguration;
			buildSettings = {
				ALWAYS_EMBED_SWIFT_STANDARD_LIBRARIES = YES;
				BUNDLE_LOADER = "$(TEST_HOST)";
				CODE_SIGN_STYLE = Automatic;
				DEVELOPMENT_TEAM = 37GL3P72V5;
				INFOPLIST_FILE = NewArrayTests/Info.plist;
				IPHONEOS_DEPLOYMENT_TARGET = 14.5;
				LD_RUNPATH_SEARCH_PATHS = (
					"$(inherited)",
					"@executable_path/Frameworks",
					"@loader_path/Frameworks",
				);
				PRODUCT_BUNDLE_IDENTIFIER = com.demoApp.NewArrayTests;
				PRODUCT_NAME = "$(TARGET_NAME)";
				SWIFT_VERSION = 5.0;
				TARGETED_DEVICE_FAMILY = "1,2";
				TEST_HOST = "$(BUILT_PRODUCTS_DIR)/NewArray.app/NewArray";
			};
			name = Release;
		};
		9057672226EA64FF00C8A341 /* Debug */ = {
			isa = XCBuildConfiguration;
			buildSettings = {
				ALWAYS_EMBED_SWIFT_STANDARD_LIBRARIES = YES;
				CODE_SIGN_STYLE = Automatic;
				DEVELOPMENT_TEAM = 37GL3P72V5;
				INFOPLIST_FILE = NewArrayUITests/Info.plist;
				LD_RUNPATH_SEARCH_PATHS = (
					"$(inherited)",
					"@executable_path/Frameworks",
					"@loader_path/Frameworks",
				);
				PRODUCT_BUNDLE_IDENTIFIER = com.demoApp.NewArrayUITests;
				PRODUCT_NAME = "$(TARGET_NAME)";
				SWIFT_VERSION = 5.0;
				TARGETED_DEVICE_FAMILY = "1,2";
				TEST_TARGET_NAME = NewArray;
			};
			name = Debug;
		};
		9057672326EA64FF00C8A341 /* Release */ = {
			isa = XCBuildConfiguration;
			buildSettings = {
				ALWAYS_EMBED_SWIFT_STANDARD_LIBRARIES = YES;
				CODE_SIGN_STYLE = Automatic;
				DEVELOPMENT_TEAM = 37GL3P72V5;
				INFOPLIST_FILE = NewArrayUITests/Info.plist;
				LD_RUNPATH_SEARCH_PATHS = (
					"$(inherited)",
					"@executable_path/Frameworks",
					"@loader_path/Frameworks",
				);
				PRODUCT_BUNDLE_IDENTIFIER = com.demoApp.NewArrayUITests;
				PRODUCT_NAME = "$(TARGET_NAME)";
				SWIFT_VERSION = 5.0;
				TARGETED_DEVICE_FAMILY = "1,2";
				TEST_TARGET_NAME = NewArray;
			};
			name = Release;
		};
/* End XCBuildConfiguration section */

/* Begin XCConfigurationList section */
		905766EC26EA64FC00C8A341 /* Build configuration list for PBXProject "NewArray" */ = {
			isa = XCConfigurationList;
			buildConfigurations = (
				9057671926EA64FF00C8A341 /* Debug */,
				9057671A26EA64FF00C8A341 /* Release */,
			);
			defaultConfigurationIsVisible = 0;
			defaultConfigurationName = Release;
		};
		9057671B26EA64FF00C8A341 /* Build configuration list for PBXNativeTarget "NewArray" */ = {
			isa = XCConfigurationList;
			buildConfigurations = (
				9057671C26EA64FF00C8A341 /* Debug */,
				9057671D26EA64FF00C8A341 /* Release */,
			);
			defaultConfigurationIsVisible = 0;
			defaultConfigurationName = Release;
		};
		9057671E26EA64FF00C8A341 /* Build configuration list for PBXNativeTarget "NewArrayTests" */ = {
			isa = XCConfigurationList;
			buildConfigurations = (
				9057671F26EA64FF00C8A341 /* Debug */,
				9057672026EA64FF00C8A341 /* Release */,
			);
			defaultConfigurationIsVisible = 0;
			defaultConfigurationName = Release;
		};
		9057672126EA64FF00C8A341 /* Build configuration list for PBXNativeTarget "NewArrayUITests" */ = {
			isa = XCConfigurationList;
			buildConfigurations = (
				9057672226EA64FF00C8A341 /* Debug */,
				9057672326EA64FF00C8A341 /* Release */,
			);
			defaultConfigurationIsVisible = 0;
			defaultConfigurationName = Release;
		};
/* End XCConfigurationList section */
	};
	rootObject = 905766E926EA64FC00C8A341 /* Project object */;
}
